
Microsoft Visual Studio Solution File, Format Version 12.00
Project("{FAE04EC0-301F-11D3-BF4B-00C04F79EFBC}") = "Dentist API", "Dentist API\Dentist API.csproj", "{F4BCD233-9C55-4559-BE05-4F9EA7653601}"
EndProject
Global
	GlobalSection(SolutionConfigurationPlatforms) = preSolution
		Debug|Any CPU = Debug|Any CPU
		Release|Any CPU = Release|Any CPU
	EndGlobalSection
	GlobalSection(ProjectConfigurationPlatforms) = postSolution
		{F4BCD233-9C55-4559-BE05-4F9EA7653601}.Debug|Any CPU.ActiveCfg = Debug|Any CPU
		{F4BCD233-9C55-4559-BE05-4F9EA7653601}.Debug|Any CPU.Build.0 = Debug|Any CPU
		{F4BCD233-9C55-4559-BE05-4F9EA7653601}.Release|Any CPU.ActiveCfg = Release|Any CPU
		{F4BCD233-9C55-4559-BE05-4F9EA7653601}.Release|Any CPU.Build.0 = Release|Any CPU
	EndGlobalSection
EndGlobal
